
Microsoft Visual Studio Solution File, Format Version 12.00
# Visual Studio Version 17
VisualStudioVersion = 17.0.32002.185
MinimumVisualStudioVersion = 10.0.40219.1
Project("{FAE04EC0-301F-11D3-BF4B-00C04F79EFBC}") = "StudentApi", "StudentApi.csproj", "{FC5E31B0-2B39-484F-8DE8-3BB4C288189E}"
EndProject
Global
	GlobalSection(SolutionConfigurationPlatforms) = preSolution
		Debug|Any CPU = Debug|Any CPU
		Release|Any CPU = Release|Any CPU
	EndGlobalSection
	GlobalSection(ProjectConfigurationPlatforms) = postSolution
		{FC5E31B0-2B39-484F-8DE8-3BB4C288189E}.Debug|Any CPU.ActiveCfg = Debug|Any CPU
		{FC5E31B0-2B39-484F-8DE8-3BB4C288189E}.Debug|Any CPU.Build.0 = Debug|Any CPU
		{FC5E31B0-2B39-484F-8DE8-3BB4C288189E}.Release|Any CPU.ActiveCfg = Release|Any CPU
		{FC5E31B0-2B39-484F-8DE8-3BB4C288189E}.Release|Any CPU.Build.0 = Release|Any CPU
	EndGlobalSection
	GlobalSection(SolutionProperties) = preSolution
		HideSolutionNode = FALSE
	EndGlobalSection
	GlobalSection(ExtensibilityGlobals) = postSolution
		SolutionGuid = {62567456-757E-4A46-821A-8E1C31E17CE6}
	EndGlobalSection
EndGlobal
